// !$*UTF8*$!
{
	archiveVersion = 1;
	classes = {
	};
	objectVersion = 77;
	objects = {

/* Begin PBXBuildFile section */
		9AD0DC9A2FBAF96A00256B7F /* GRDB in Frameworks */ = {isa = PBXBuildFile; productRef = 9AD0DC9B2FBAF96A00256B7F /* GRDB */; };
		9AD0DC9C2FBAF97A00256B7F /* Yams in Frameworks */ = {isa = PBXBuildFile; productRef = 9AD0DC9D2FBAF97A00256B7F /* Yams */; };
/* End PBXBuildFile section */

/* Begin PBXContainerItemProxy section */
		9AE585082FBAF4360089B98E /* PBXContainerItemProxy */ = {
			isa = PBXContainerItemProxy;
			containerPortal = 9AE584EA2FBAF3EA0089B98E /* Project object */;
			proxyType = 1;
			remoteGlobalIDString = 9AE584F12FBAF3EA0089B98E;
			remoteInfo = SuperDev;
		};
/* End PBXContainerItemProxy section */

/* Begin PBXFileReference section */
		9AE584F22FBAF3EA0089B98E /* SuperDev.app */ = {isa = PBXFileReference; explicitFileType = wrapper.application; includeInIndex = 0; path = SuperDev.app; sourceTree = BUILT_PRODUCTS_DIR; };
		9AE585042FBAF4360089B98E /* SuperDevTests.xctest */ = {isa = PBXFileReference; explicitFileType = wrapper.cfbundle; includeInIndex = 0; path = SuperDevTests.xctest; sourceTree = BUILT_PRODUCTS_DIR; };
/* End PBXFileReference section */

/* Begin PBXFileSystemSynchronizedRootGroup section */
		9AE584F42FBAF3EA0089B98E /* SuperDev */ = {
			isa = PBXFileSystemSynchronizedRootGroup;
			path = SuperDev;
			sourceTree = "<group>";
		};
		9AE585052FBAF4360089B98E /* SuperDevTests */ = {
			isa = PBXFileSystemSynchronizedRootGroup;
			path = SuperDevTests;
			sourceTree = "<group>";
		};
/* End PBXFileSystemSynchronizedRootGroup section */

/* Begin PBXFrameworksBuildPhase section */
		9AE584EF2FBAF3EA0089B98E /* Frameworks */ = {
			isa = PBXFrameworksBuildPhase;
			buildActionMask = 2147483647;
			files = (
				9AD0DC9A2FBAF96A00256B7F /* GRDB in Frameworks */,
				9AD0DC9C2FBAF97A00256B7F /* Yams in Frameworks */,
			);
			runOnlyForDeploymentPostprocessing = 0;
		};
		9AE585012FBAF4360089B98E /* Frameworks */ = {
			isa = PBXFrameworksBuildPhase;
			buildActionMask = 2147483647;
			files = (
			);
			runOnlyForDeploymentPostprocessing = 0;
		};
/* End PBXFrameworksBuildPhase section */

/* Begin PBXGroup section */
		9AE584E92FBAF3EA0089B98E = {
			isa = PBXGroup;
			children = (
				9AE584F42FBAF3EA0089B98E /* SuperDev */,
				9AE585052FBAF4360089B98E /* SuperDevTests */,
				9AE584F32FBAF3EA0089B98E /* Products */,
			);
			sourceTree = "<group>";
		};
		9AE584F32FBAF3EA0089B98E /* Products */ = {
			isa = PBXGroup;
			children = (
				9AE584F22FBAF3EA0089B98E /* SuperDev.app */,
				9AE585042FBAF4360089B98E /* SuperDevTests.xctest */,
			);
			name = Products;
			sourceTree = "<group>";
		};
/* End PBXGroup section */

/* Begin PBXNativeTarget section */
		9AE584F12FBAF3EA0089B98E /* SuperDev */ = {
			isa = PBXNativeTarget;
			buildConfigurationList = 9AE584FD2FBAF3EB0089B98E /* Build configuration list for PBXNativeTarget "SuperDev" */;
			buildPhases = (
				9AE584EE2FBAF3EA0089B98E /* Sources */,
				9AE584EF2FBAF3EA0089B98E /* Frameworks */,
				9AE584F02FBAF3EA0089B98E /* Resources */,
			);
			buildRules = (
			);
			dependencies = (
			);
			fileSystemSynchronizedGroups = (
				9AE584F42FBAF3EA0089B98E /* SuperDev */,
			);
			name = SuperDev;
			packageProductDependencies = (
				9AD0DC9B2FBAF96A00256B7F /* GRDB */,
				9AD0DC9D2FBAF97A00256B7F /* Yams */,
			);
			productName = SuperDev;
			productReference = 9AE584F22FBAF3EA0089B98E /* SuperDev.app */;
			productType = "com.apple.product-type.application";
		};
		9AE585032FBAF4360089B98E /* SuperDevTests */ = {
			isa = PBXNativeTarget;
			buildConfigurationList = 9AE5850A2FBAF4360089B98E /* Build configuration list for PBXNativeTarget "SuperDevTests" */;
			buildPhases = (
				9AE585002FBAF4360089B98E /* Sources */,
				9AE585012FBAF4360089B98E /* Frameworks */,
				9AE585022FBAF4360089B98E /* Resources */,
			);
			buildRules = (
			);
			dependencies = (
				9AE585092FBAF4360089B98E /* PBXTargetDependency */,
			);
			fileSystemSynchronizedGroups = (
				9AE585052FBAF4360089B98E /* SuperDevTests */,
			);
			name = SuperDevTests;
			packageProductDependencies = (
			);
			productName = SuperDevTests;
			productReference = 9AE585042FBAF4360089B98E /* SuperDevTests.xctest */;
			productType = "com.apple.product-type.bundle.unit-test";
		};
/* End PBXNativeTarget section */

/* Begin PBXProject section */
		9AE584EA2FBAF3EA0089B98E /* Project object */ = {
			isa = PBXProject;
			attributes = {
				BuildIndependentTargetsInParallel = 1;
				LastSwiftUpdateCheck = 2650;
				LastUpgradeCheck = 2650;
				TargetAttributes = {
					9AE584F12FBAF3EA0089B98E = {
						CreatedOnToolsVersion = 26.5;
					};
					9AE585032FBAF4360089B98E = {
						CreatedOnToolsVersion = 26.5;
						TestTargetID = 9AE584F12FBAF3EA0089B98E;
					};
				};
			};
			buildConfigurationList = 9AE584ED2FBAF3EA0089B98E /* Build configuration list for PBXProject "SuperDev" */;
			developmentRegion = en;
			hasScannedForEncodings = 0;
			knownRegions = (
				en,
				Base,
			);
			mainGroup = 9AE584E92FBAF3EA0089B98E;
			minimizedProjectReferenceProxies = 1;
			packageReferences = (
				9AD0DC982FBAF96A00256B7F /* XCLocalSwiftPackageReference "../../temp/GRDB.swift" */,
				9AD0DC992FBAF97A00256B7F /* XCLocalSwiftPackageReference "../../temp/Yams" */,
			);
			preferredProjectObjectVersion = 77;
			productRefGroup = 9AE584F32FBAF3EA0089B98E /* Products */;
			projectDirPath = "";
			projectRoot = "";
			targets = (
				9AE584F12FBAF3EA0089B98E /* SuperDev */,
				9AE585032FBAF4360089B98E /* SuperDevTests */,
			);
		};
/* End PBXProject section */

/* Begin PBXResourcesBuildPhase section */
		9AE584F02FBAF3EA0089B98E /* Resources */ = {
			isa = PBXResourcesBuildPhase;
			buildActionMask = 2147483647;
			files = (
			);
			runOnlyForDeploymentPostprocessing = 0;
		};
		9AE585022FBAF4360089B98E /* Resources */ = {
			isa = PBXResourcesBuildPhase;
			buildActionMask = 2147483647;
			files = (
			);
			runOnlyForDeploymentPostprocessing = 0;
		};
/* End PBXResourcesBuildPhase section */

/* Begin PBXSourcesBuildPhase section */
		9AE584EE2FBAF3EA0089B98E /* Sources */ = {
			isa = PBXSourcesBuildPhase;
			buildActionMask = 2147483647;
			files = (
			);
			runOnlyForDeploymentPostprocessing = 0;
		};
		9AE585002FBAF4360089B98E /* Sources */ = {
			isa = PBXSourcesBuildPhase;
			buildActionMask = 2147483647;
			files = (
			);
			runOnlyForDeploymentPostprocessing = 0;
		};
/* End PBXSourcesBuildPhase section */

/* Begin PBXTargetDependency section */
		9AE585092FBAF4360089B98E /* PBXTargetDependency */ = {
			isa = PBXTargetDependency;
			target = 9AE584F12FBAF3EA0089B98E /* SuperDev */;
			targetProxy = 9AE585082FBAF4360089B98E /* PBXContainerItemProxy */;
		};
/* End PBXTargetDependency section */

/* Begin XCBuildConfiguration section */
		9AE584FB2FBAF3EB0089B98E /* Debug */ = {
			isa = XCBuildConfiguration;
			buildSettings = {
				ALWAYS_SEARCH_USER_PATHS = NO;
				ASSETCATALOG_COMPILER_GENERATE_SWIFT_ASSET_SYMBOL_EXTENSIONS = YES;
				CLANG_ANALYZER_NONNULL = YES;
				CLANG_ANALYZER_NUMBER_OBJECT_CONVERSION = YES_AGGRESSIVE;
				CLANG_CXX_LANGUAGE_STANDARD = "gnu++20";
				CLANG_ENABLE_MODULES = YES;
				CLANG_ENABLE_OBJC_ARC = YES;
				CLANG_ENABLE_OBJC_WEAK = YES;
				CLANG_WARN_BLOCK_CAPTURE_AUTORELEASING = YES;
				CLANG_WARN_BOOL_CONVERSION = YES;
				CLANG_WARN_COMMA = YES;
				CLANG_WARN_CONSTANT_CONVERSION = YES;
				CLANG_WARN_DEPRECATED_OBJC_IMPLEMENTATIONS = YES;
				CLANG_WARN_DIRECT_OBJC_ISA_USAGE = YES_ERROR;
				CLANG_WARN_DOCUMENTATION_COMMENTS = YES;
				CLANG_WARN_EMPTY_BODY = YES;
				CLANG_WARN_ENUM_CONVERSION = YES;
				CLANG_WARN_INFINITE_RECURSION = YES;
				CLANG_WARN_INT_CONVERSION = YES;
				CLANG_WARN_NON_LITERAL_NULL_CONVERSION = YES;
				CLANG_WARN_OBJC_IMPLICIT_RETAIN_SELF = YES;
				CLANG_WARN_OBJC_LITERAL_CONVERSION = YES;
				CLANG_WARN_OBJC_ROOT_CLASS = YES_ERROR;
				CLANG_WARN_QUOTED_INCLUDE_IN_FRAMEWORK_HEADER = YES;
				CLANG_WARN_RANGE_LOOP_ANALYSIS = YES;
				CLANG_WARN_STRICT_PROTOTYPES = YES;
				CLANG_WARN_SUSPICIOUS_MOVE = YES;
				CLANG_WARN_UNGUARDED_AVAILABILITY = YES_AGGRESSIVE;
				CLANG_WARN_UNREACHABLE_CODE = YES;
				CLANG_WARN__DUPLICATE_METHOD_MATCH = YES;
				COPY_PHASE_STRIP = NO;
				DEBUG_INFORMATION_FORMAT = dwarf;
				ENABLE_STRICT_OBJC_MSGSEND = YES;
				ENABLE_TESTABILITY = YES;
				ENABLE_USER_SCRIPT_SANDBOXING = YES;
				GCC_C_LANGUAGE_STANDARD = gnu17;
				GCC_DYNAMIC_NO_PIC = NO;
				GCC_NO_COMMON_BLOCKS = YES;
				GCC_OPTIMIZATION_LEVEL = 0;
				GCC_PREPROCESSOR_DEFINITIONS = (
					"DEBUG=1",
					"$(inherited)",
				);
				GCC_WARN_64_TO_32_BIT_CONVERSION = YES;
				GCC_WARN_ABOUT_RETURN_TYPE = YES_ERROR;
				GCC_WARN_UNDECLARED_SELECTOR = YES;
				GCC_WARN_UNINITIALIZED_AUTOS = YES_AGGRESSIVE;
				GCC_WARN_UNUSED_FUNCTION = YES;
				GCC_WARN_UNUSED_VARIABLE = YES;
				LOCALIZATION_PREFERS_STRING_CATALOGS = YES;
				MACOSX_DEPLOYMENT_TARGET = 26.3;
				MTL_ENABLE_DEBUG_INFO = INCLUDE_SOURCE;
				MTL_FAST_MATH = YES;
				ONLY_ACTIVE_ARCH = YES;
				SDKROOT = macosx;
				SWIFT_ACTIVE_COMPILATION_CONDITIONS = "DEBUG $(inherited)";
				SWIFT_OPTIMIZATION_LEVEL = "-Onone";
			};
			name = Debug;
		};
		9AE584FC2FBAF3EB0089B98E /* Release */ = {
			isa = XCBuildConfiguration;
			buildSettings = {
				ALWAYS_SEARCH_USER_PATHS = NO;
				ASSETCATALOG_COMPILER_GENERATE_SWIFT_ASSET_SYMBOL_EXTENSIONS = YES;
				CLANG_ANALYZER_NONNULL = YES;
				CLANG_ANALYZER_NUMBER_OBJECT_CONVERSION = YES_AGGRESSIVE;
				CLANG_CXX_LANGUAGE_STANDARD = "gnu++20";
				CLANG_ENABLE_MODULES = YES;
				CLANG_ENABLE_OBJC_ARC = YES;
				CLANG_ENABLE_OBJC_WEAK = YES;
				CLANG_WARN_BLOCK_CAPTURE_AUTORELEASING = YES;
				CLANG_WARN_BOOL_CONVERSION = YES;
				CLANG_WARN_COMMA = YES;
				CLANG_WARN_CONSTANT_CONVERSION = YES;
				CLANG_WARN_DEPRECATED_OBJC_IMPLEMENTATIONS = YES;
				CLANG_WARN_DIRECT_OBJC_ISA_USAGE = YES_ERROR;
				CLANG_WARN_DOCUMENTATION_COMMENTS = YES;
				CLANG_WARN_EMPTY_BODY = YES;
				CLANG_WARN_ENUM_CONVERSION = YES;
				CLANG_WARN_INFINITE_RECURSION = YES;
				CLANG_WARN_INT_CONVERSION = YES;
				CLANG_WARN_NON_LITERAL_NULL_CONVERSION = YES;
				CLANG_WARN_OBJC_IMPLICIT_RETAIN_SELF = YES;
				CLANG_WARN_OBJC_LITERAL_CONVERSION = YES;
				CLANG_WARN_OBJC_ROOT_CLASS = YES_ERROR;
				CLANG_WARN_QUOTED_INCLUDE_IN_FRAMEWORK_HEADER = YES;
				CLANG_WARN_RANGE_LOOP_ANALYSIS = YES;
				CLANG_WARN_STRICT_PROTOTYPES = YES;
				CLANG_WARN_SUSPICIOUS_MOVE = YES;
				CLANG_WARN_UNGUARDED_AVAILABILITY = YES_AGGRESSIVE;
				CLANG_WARN_UNREACHABLE_CODE = YES;
				CLANG_WARN__DUPLICATE_METHOD_MATCH = YES;
				COPY_PHASE_STRIP = NO;
				DEBUG_INFORMATION_FORMAT = "dwarf-with-dsym";
				ENABLE_NS_ASSERTIONS = NO;
				ENABLE_STRICT_OBJC_MSGSEND = YES;
				ENABLE_USER_SCRIPT_SANDBOXING = YES;
				GCC_C_LANGUAGE_STANDARD = gnu17;
				GCC_NO_COMMON_BLOCKS = YES;
				GCC_WARN_64_TO_32_BIT_CONVERSION = YES;
				GCC_WARN_ABOUT_RETURN_TYPE = YES_ERROR;
				GCC_WARN_UNDECLARED_SELECTOR = YES;
				GCC_WARN_UNINITIALIZED_AUTOS = YES_AGGRESSIVE;
				GCC_WARN_UNUSED_FUNCTION = YES;
				GCC_WARN_UNUSED_VARIABLE = YES;
				LOCALIZATION_PREFERS_STRING_CATALOGS = YES;
				MACOSX_DEPLOYMENT_TARGET = 26.3;
				MTL_ENABLE_DEBUG_INFO = NO;
				MTL_FAST_MATH = YES;
				SDKROOT = macosx;
				SWIFT_COMPILATION_MODE = wholemodule;
			};
			name = Release;
		};
		9AE584FE2FBAF3EB0089B98E /* Debug */ = {
			isa = XCBuildConfiguration;
			buildSettings = {
				ASSETCATALOG_COMPILER_APPICON_NAME = AppIcon;
				ASSETCATALOG_COMPILER_GLOBAL_ACCENT_COLOR_NAME = AccentColor;
				CODE_SIGN_STYLE = Automatic;
				COMBINE_HIDPI_IMAGES = YES;
				CURRENT_PROJECT_VERSION = 1;
				ENABLE_APP_SANDBOX = NO;
				ENABLE_PREVIEWS = YES;
				ENABLE_USER_SELECTED_FILES = readwrite;
				GENERATE_INFOPLIST_FILE = YES;
				INFOPLIST_KEY_NSHumanReadableCopyright = "";
				LD_RUNPATH_SEARCH_PATHS = (
					"$(inherited)",
					"@executable_path/../Frameworks",
				);
				MARKETING_VERSION = 1.0;
				PRODUCT_BUNDLE_IDENTIFIER = com.shanzilai.SuperDev;
				PRODUCT_NAME = "$(TARGET_NAME)";
				REGISTER_APP_GROUPS = YES;
				STRING_CATALOG_GENERATE_SYMBOLS = YES;
				SWIFT_APPROACHABLE_CONCURRENCY = YES;
				SWIFT_DEFAULT_ACTOR_ISOLATION = MainActor;
				SWIFT_EMIT_LOC_STRINGS = YES;
				SWIFT_UPCOMING_FEATURE_MEMBER_IMPORT_VISIBILITY = YES;
				SWIFT_VERSION = 5.0;
			};
			name = Debug;
		};
		9AE584FF2FBAF3EB0089B98E /* Release */ = {
			isa = XCBuildConfiguration;
			buildSettings = {
				ASSETCATALOG_COMPILER_APPICON_NAME = AppIcon;
				ASSETCATALOG_COMPILER_GLOBAL_ACCENT_COLOR_NAME = AccentColor;
				CODE_SIGN_STYLE = Automatic;
				COMBINE_HIDPI_IMAGES = YES;
				CURRENT_PROJECT_VERSION = 1;
				ENABLE_APP_SANDBOX = NO;
				ENABLE_PREVIEWS = YES;
				ENABLE_USER_SELECTED_FILES = readwrite;
				GENERATE_INFOPLIST_FILE = YES;
				INFOPLIST_KEY_NSHumanReadableCopyright = "";
				LD_RUNPATH_SEARCH_PATHS = (
					"$(inherited)",
					"@executable_path/../Frameworks",
				);
				MARKETING_VERSION = 1.0;
				PRODUCT_BUNDLE_IDENTIFIER = com.shanzilai.SuperDev;
				PRODUCT_NAME = "$(TARGET_NAME)";
				REGISTER_APP_GROUPS = YES;
				STRING_CATALOG_GENERATE_SYMBOLS = YES;
				SWIFT_APPROACHABLE_CONCURRENCY = YES;
				SWIFT_DEFAULT_ACTOR_ISOLATION = MainActor;
				SWIFT_EMIT_LOC_STRINGS = YES;
				SWIFT_UPCOMING_FEATURE_MEMBER_IMPORT_VISIBILITY = YES;
				SWIFT_VERSION = 5.0;
			};
			name = Release;
		};
		9AE5850B2FBAF4360089B98E /* Debug */ = {
			isa = XCBuildConfiguration;
			buildSettings = {
				BUNDLE_LOADER = "$(TEST_HOST)";
				CODE_SIGN_STYLE = Automatic;
				CURRENT_PROJECT_VERSION = 1;
				GENERATE_INFOPLIST_FILE = YES;
				MARKETING_VERSION = 1.0;
				PRODUCT_BUNDLE_IDENTIFIER = com.shanzilai.SuperDevTests;
				PRODUCT_NAME = "$(TARGET_NAME)";
				STRING_CATALOG_GENERATE_SYMBOLS = NO;
				SWIFT_APPROACHABLE_CONCURRENCY = YES;
				SWIFT_EMIT_LOC_STRINGS = NO;
				SWIFT_UPCOMING_FEATURE_MEMBER_IMPORT_VISIBILITY = YES;
				SWIFT_VERSION = 5.0;
				TEST_HOST = "$(BUILT_PRODUCTS_DIR)/SuperDev.app/$(BUNDLE_EXECUTABLE_FOLDER_PATH)/SuperDev";
			};
			name = Debug;
		};
		9AE5850C2FBAF4360089B98E /* Release */ = {
			isa = XCBuildConfiguration;
			buildSettings = {
				BUNDLE_LOADER = "$(TEST_HOST)";
				CODE_SIGN_STYLE = Automatic;
				CURRENT_PROJECT_VERSION = 1;
				GENERATE_INFOPLIST_FILE = YES;
				MARKETING_VERSION = 1.0;
				PRODUCT_BUNDLE_IDENTIFIER = com.shanzilai.SuperDevTests;
				PRODUCT_NAME = "$(TARGET_NAME)";
				STRING_CATALOG_GENERATE_SYMBOLS = NO;
				SWIFT_APPROACHABLE_CONCURRENCY = YES;
				SWIFT_EMIT_LOC_STRINGS = NO;
				SWIFT_UPCOMING_FEATURE_MEMBER_IMPORT_VISIBILITY = YES;
				SWIFT_VERSION = 5.0;
				TEST_HOST = "$(BUILT_PRODUCTS_DIR)/SuperDev.app/$(BUNDLE_EXECUTABLE_FOLDER_PATH)/SuperDev";
			};
			name = Release;
		};
/* End XCBuildConfiguration section */

/* Begin XCConfigurationList section */
		9AE584ED2FBAF3EA0089B98E /* Build configuration list for PBXProject "SuperDev" */ = {
			isa = XCConfigurationList;
			buildConfigurations = (
				9AE584FB2FBAF3EB0089B98E /* Debug */,
				9AE584FC2FBAF3EB0089B98E /* Release */,
			);
			defaultConfigurationIsVisible = 0;
			defaultConfigurationName = Release;
		};
		9AE584FD2FBAF3EB0089B98E /* Build configuration list for PBXNativeTarget "SuperDev" */ = {
			isa = XCConfigurationList;
			buildConfigurations = (
				9AE584FE2FBAF3EB0089B98E /* Debug */,
				9AE584FF2FBAF3EB0089B98E /* Release */,
			);
			defaultConfigurationIsVisible = 0;
			defaultConfigurationName = Release;
		};
		9AE5850A2FBAF4360089B98E /* Build configuration list for PBXNativeTarget "SuperDevTests" */ = {
			isa = XCConfigurationList;
			buildConfigurations = (
				9AE5850B2FBAF4360089B98E /* Debug */,
				9AE5850C2FBAF4360089B98E /* Release */,
			);
			defaultConfigurationIsVisible = 0;
			defaultConfigurationName = Release;
		};
/* End XCConfigurationList section */

/* Begin XCLocalSwiftPackageReference section */
		9AD0DC982FBAF96A00256B7F /* XCLocalSwiftPackageReference "../../temp/GRDB.swift" */ = {
			isa = XCLocalSwiftPackageReference;
			relativePath = ../../temp/GRDB.swift;
		};
		9AD0DC992FBAF97A00256B7F /* XCLocalSwiftPackageReference "../../temp/Yams" */ = {
			isa = XCLocalSwiftPackageReference;
			relativePath = ../../temp/Yams;
		};
/* End XCLocalSwiftPackageReference section */

/* Begin XCSwiftPackageProductDependency section */
		9AD0DC9B2FBAF96A00256B7F /* GRDB */ = {
			isa = XCSwiftPackageProductDependency;
			package = 9AD0DC982FBAF96A00256B7F /* XCLocalSwiftPackageReference "../../temp/GRDB.swift" */;
			productName = GRDB;
		};
		9AD0DC9D2FBAF97A00256B7F /* Yams */ = {
			isa = XCSwiftPackageProductDependency;
			package = 9AD0DC992FBAF97A00256B7F /* XCLocalSwiftPackageReference "../../temp/Yams" */;
			productName = Yams;
		};
/* End XCSwiftPackageProductDependency section */
	};
	rootObject = 9AE584EA2FBAF3EA0089B98E /* Project object */;
}
